
Microsoft Visual Studio Solution File, Format Version 12.00
# Visual Studio Version 16
VisualStudioVersion = 16.0.31129.286
MinimumVisualStudioVersion = 10.0.40219.1
Project("{FAE04EC0-301F-11D3-BF4B-00C04F79EFBC}") = "Core31StarterKit.Api", "Core31StarterKit.Api\Core31StarterKit.Api.csproj", "{EC6D05C9-386B-45F0-A405-47B2C9FC2C6E}"
EndProject
Global
	GlobalSection(SolutionConfigurationPlatforms) = preSolution
		Debug|Any CPU = Debug|Any CPU
		Release|Any CPU = Release|Any CPU
	EndGlobalSection
	GlobalSection(ProjectConfigurationPlatforms) = postSolution
		{EC6D05C9-386B-45F0-A405-47B2C9FC2C6E}.Debug|Any CPU.ActiveCfg = Debug|Any CPU
		{EC6D05C9-386B-45F0-A405-47B2C9FC2C6E}.Debug|Any CPU.Build.0 = Debug|Any CPU
		{EC6D05C9-386B-45F0-A405-47B2C9FC2C6E}.Release|Any CPU.ActiveCfg = Release|Any CPU
		{EC6D05C9-386B-45F0-A405-47B2C9FC2C6E}.Release|Any CPU.Build.0 = Release|Any CPU
	EndGlobalSection
	GlobalSection(SolutionProperties) = preSolution
		HideSolutionNode = FALSE
	EndGlobalSection
	GlobalSection(ExtensibilityGlobals) = postSolution
		SolutionGuid = {C222AFBD-1169-4742-BBDE-682AD2DF69BA}
	EndGlobalSection
EndGlobal
